
Microsoft Visual Studio Solution File, Format Version 12.00
# Visual Studio Version 17
VisualStudioVersion = 17.11.35327.3
MinimumVisualStudioVersion = 10.0.40219.1
Project("{FAE04EC0-301F-11D3-BF4B-00C04F79EFBC}") = "CCAD16_Assignment2_3_1_SR", "CCAD16_Assignment2_3_1_SR.csproj", "{A3F68CEA-E760-431A-B4A6-51D6302AB43C}"
EndProject
Global
	GlobalSection(SolutionConfigurationPlatforms) = preSolution
		Debug|Any CPU = Debug|Any CPU
		Release|Any CPU = Release|Any CPU
	EndGlobalSection
	GlobalSection(ProjectConfigurationPlatforms) = postSolution
		{A3F68CEA-E760-431A-B4A6-51D6302AB43C}.Debug|Any CPU.ActiveCfg = Debug|Any CPU
		{A3F68CEA-E760-431A-B4A6-51D6302AB43C}.Debug|Any CPU.Build.0 = Debug|Any CPU
		{A3F68CEA-E760-431A-B4A6-51D6302AB43C}.Release|Any CPU.ActiveCfg = Release|Any CPU
		{A3F68CEA-E760-431A-B4A6-51D6302AB43C}.Release|Any CPU.Build.0 = Release|Any CPU
	EndGlobalSection
	GlobalSection(SolutionProperties) = preSolution
		HideSolutionNode = FALSE
	EndGlobalSection
	GlobalSection(ExtensibilityGlobals) = postSolution
		SolutionGuid = {9B8E2E26-7290-4165-8AA4-FAED509C310E}
	EndGlobalSection
EndGlobal
